<?xml version="1.0" encoding="utf-8"?>
<Project ToolsVersion="4.0" xmlns="http://schemas.microsoft.com/developer/msbuild/2003">
  <ItemGroup>
    <Filter Include="Source Files">
      <UniqueIdentifier>{ca0da55e-f606-47a1-a539-39e8e1777d02}</UniqueIdentifier>
      <Extensions>cpp;c;cxx;rc;def;r;odl;idl;hpj;bat</Extensions>
    </Filter>
    <Filter Include="Header Files">
      <UniqueIdentifier>{13d4ac3e-e1bf-44b5-8cb0-37695113d2f1}</UniqueIdentifier>
      <Extensions>h;hpp;hxx;hm;inl</Extensions>
    </Filter>
    <Filter Include="Resource Files">
      <UniqueIdentifier>{54e9d8da-90e1-452b-9cd4-0e2da0ba3305}</UniqueIdentifier>
      <Extensions>ico;cur;bmp;dlg;rc2;rct;bin;rgs;gif;jpg;jpeg;jpe</Extensions>
    </Filter>
  </ItemGroup>
  <ItemGroup>
    <ClCompile Include="bitmapLoad.cpp">
      <Filter>Source Files</Filter>
    </ClCompile>
    <ClCompile Include="dieDeal.cpp">
      <Filter>Source Files</Filter>
    </ClCompile>
    <ClCompile Include="gameDraw.cpp">
      <Filter>Source Files</Filter>
    </ClCompile>
    <ClCompile Include="gameInit.cpp">
      <Filter>Source Files</Filter>
    </ClCompile>
    <ClCompile Include="hitDeal.cpp">
      <Filter>Source Files</Filter>
    </ClCompile>
    <ClCompile Include="keyDeal.cpp">
      <Filter>Source Files</Filter>
    </ClCompile>
    <ClCompile Include="PlantVSZombie.cpp">
      <Filter>Source Files</Filter>
    </ClCompile>
    <ClCompile Include="siteConfirm.cpp">
      <Filter>Source Files</Filter>
    </ClCompile>
    <ClCompile Include="StdAfx.cpp">
      <Filter>Source Files</Filter>
    </ClCompile>
    <ClCompile Include="timeDeal.cpp">
      <Filter>Source Files</Filter>
    </ClCompile>
  </ItemGroup>
  <ItemGroup>
    <ResourceCompile Include="PlantVSZombie.rc">
      <Filter>Source Files</Filter>
    </ResourceCompile>
  </ItemGroup>
  <ItemGroup>
    <ClInclude Include="config.h">
      <Filter>Header Files</Filter>
    </ClInclude>
    <ClInclude Include="PlantVSZombie.h">
      <Filter>Header Files</Filter>
    </ClInclude>
    <ClInclude Include="resource.h">
      <Filter>Header Files</Filter>
    </ClInclude>
    <ClInclude Include="StdAfx.h">
      <Filter>Header Files</Filter>
    </ClInclude>
  </ItemGroup>
  <ItemGroup>
    <Image Include="tu\tool\FlagMeterParts1.ico">
      <Filter>Resource Files</Filter>
    </Image>
    <Image Include="tu\tool\Peashooter.ico">
      <Filter>Resource Files</Filter>
    </Image>
    <Image Include="PlantVSZombie.ico">
      <Filter>Resource Files</Filter>
    </Image>
    <Image Include="small.ico">
      <Filter>Resource Files</Filter>
    </Image>
  </ItemGroup>
  <ItemGroup>
    <Text Include="ReadMe.txt" />
  </ItemGroup>
</Project>